
Microsoft Visual Studio Solution File, Format Version 12.00
# Visual Studio 14
VisualStudioVersion = 14.0.25420.1
MinimumVisualStudioVersion = 10.0.40219.1
Project("{FAE04EC0-301F-11D3-BF4B-00C04F79EFBC}") = "WordinOn.WebUI", "WordinOn.WebUI\WordinOn.WebUI.csproj", "{932E394E-B52A-42DB-BDC8-A0FEF44C60FA}"
EndProject
Project("{FAE04EC0-301F-11D3-BF4B-00C04F79EFBC}") = "WordinOn.Models", "WordinOn.Models\WordinOn.Models.csproj", "{8964AD83-8600-49A7-AB05-E51A65C49AA3}"
EndProject
Project("{FAE04EC0-301F-11D3-BF4B-00C04F79EFBC}") = "WordinOn.DataAccess", "WordinOn.DataAccess\WordinOn.DataAccess.csproj", "{AF799B17-B9CF-4DC3-8C0D-73C217ABAC82}"
EndProject
Global
	GlobalSection(SolutionConfigurationPlatforms) = preSolution
		Debug|Any CPU = Debug|Any CPU
		Release|Any CPU = Release|Any CPU
	EndGlobalSection
	GlobalSection(ProjectConfigurationPlatforms) = postSolution
		{932E394E-B52A-42DB-BDC8-A0FEF44C60FA}.Debug|Any CPU.ActiveCfg = Debug|Any CPU
		{932E394E-B52A-42DB-BDC8-A0FEF44C60FA}.Debug|Any CPU.Build.0 = Debug|Any CPU
		{932E394E-B52A-42DB-BDC8-A0FEF44C60FA}.Release|Any CPU.ActiveCfg = Release|Any CPU
		{932E394E-B52A-42DB-BDC8-A0FEF44C60FA}.Release|Any CPU.Build.0 = Release|Any CPU
		{8964AD83-8600-49A7-AB05-E51A65C49AA3}.Debug|Any CPU.ActiveCfg = Debug|Any CPU
		{8964AD83-8600-49A7-AB05-E51A65C49AA3}.Debug|Any CPU.Build.0 = Debug|Any CPU
		{8964AD83-8600-49A7-AB05-E51A65C49AA3}.Release|Any CPU.ActiveCfg = Release|Any CPU
		{8964AD83-8600-49A7-AB05-E51A65C49AA3}.Release|Any CPU.Build.0 = Release|Any CPU
		{AF799B17-B9CF-4DC3-8C0D-73C217ABAC82}.Debug|Any CPU.ActiveCfg = Debug|Any CPU
		{AF799B17-B9CF-4DC3-8C0D-73C217ABAC82}.Debug|Any CPU.Build.0 = Debug|Any CPU
		{AF799B17-B9CF-4DC3-8C0D-73C217ABAC82}.Release|Any CPU.ActiveCfg = Release|Any CPU
		{AF799B17-B9CF-4DC3-8C0D-73C217ABAC82}.Release|Any CPU.Build.0 = Release|Any CPU
	EndGlobalSection
	GlobalSection(SolutionProperties) = preSolution
		HideSolutionNode = FALSE
	EndGlobalSection
EndGlobal
